Microsoft Visual Studio Solution File, Format Version 11.00
# Visual Studio 2008

Project("{E515B577-EEBC-8AE8-29DF-F5AB8E80A278}") = "Electric Platformer", "Assembly-CSharp.csproj", "{0905DBD2-690C-FD36-0706-69E1F7061D09}"
EndProject
Global
	GlobalSection(SolutionConfigurationPlatforms) = preSolution
		Debug|Any CPU = Debug|Any CPU
		Release|Any CPU = Release|Any CPU
	EndGlobalSection
	GlobalSection(ProjectConfigurationPlatforms) = postSolution
		{0905DBD2-690C-FD36-0706-69E1F7061D09}.Debug|Any CPU.ActiveCfg = Debug|Any CPU
		{0905DBD2-690C-FD36-0706-69E1F7061D09}.Debug|Any CPU.Build.0 = Debug|Any CPU
		{0905DBD2-690C-FD36-0706-69E1F7061D09}.Release|Any CPU.ActiveCfg = Release|Any CPU
		{0905DBD2-690C-FD36-0706-69E1F7061D09}.Release|Any CPU.Build.0 = Release|Any CPU
	EndGlobalSection
	GlobalSection(SolutionProperties) = preSolution
		HideSolutionNode = FALSE
	EndGlobalSection
	GlobalSection(MonoDevelopProperties) = preSolution
		StartupItem = Assembly-CSharp.csproj
	EndGlobalSection
EndGlobal
